// !$*UTF8*$!
{
	archiveVersion = 1;
	classes = {
	};
	objectVersion = 46;
	objects = {

/* Begin PBXBuildFile section */
		42C63DC31BF76FE60037EE4E /* NSFileManager+FXExtensions.m in Sources */ = {isa = PBXBuildFile; fileRef = 42C63DBC1BF76FE60037EE4E /* NSFileManager+FXExtensions.m */; };
		42C63DC41BF76FE60037EE4E /* UIViewController+FXExtensions.m in Sources */ = {isa = PBXBuildFile; fileRef = 42C63DBF1BF76FE60037EE4E /* UIViewController+FXExtensions.m */; };
		42C63DC51BF76FE60037EE4E /* UIWindow+FXExtensions.m in Sources */ = {isa = PBXBuildFile; fileRef = 42C63DC21BF76FE60037EE4E /* UIWindow+FXExtensions.m */; };
		42CA259A1BF49AD5001C7485 /* Foundation.framework in Frameworks */ = {isa = PBXBuildFile; fileRef = 42CA25991BF49AD5001C7485 /* Foundation.framework */; };
		42CA259C1BF49AD5001C7485 /* CoreGraphics.framework in Frameworks */ = {isa = PBXBuildFile; fileRef = 42CA259B1BF49AD5001C7485 /* CoreGraphics.framework */; };
		42CA259E1BF49AD5001C7485 /* UIKit.framework in Frameworks */ = {isa = PBXBuildFile; fileRef = 42CA259D1BF49AD5001C7485 /* UIKit.framework */; };
		42CA25DB1BF4AAD5001C7485 /* FXAppDelegate.m in Sources */ = {isa = PBXBuildFile; fileRef = 42CA25CA1BF4AAD5001C7485 /* FXAppDelegate.m */; };
		42CA25DD1BF4AAD5001C7485 /* main.m in Sources */ = {isa = PBXBuildFile; fileRef = 42CA25CD1BF4AAD5001C7485 /* main.m */; };
		42CA25DE1BF4AAD5001C7485 /* InfoPlist.strings in Resources */ = {isa = PBXBuildFile; fileRef = 42CA25CF1BF4AAD5001C7485 /* InfoPlist.strings */; };
		42CA25DF1BF4AAD5001C7485 /* Images.xcassets in Resources */ = {isa = PBXBuildFile; fileRef = 42CA25D11BF4AAD5001C7485 /* Images.xcassets */; };
		42CA25E61BF4B8E1001C7485 /* FXStartViewController.m in Sources */ = {isa = PBXBuildFile; fileRef = 42CA25E41BF4B8E1001C7485 /* FXStartViewController.m */; };
		42CA25E71BF4B8E1001C7485 /* FXStartViewController.xib in Resources */ = {isa = PBXBuildFile; fileRef = 42CA25E51BF4B8E1001C7485 /* FXStartViewController.xib */; };
		42CA25EB1BF4B90E001C7485 /* FXFinishViewController.m in Sources */ = {isa = PBXBuildFile; fileRef = 42CA25E91BF4B90E001C7485 /* FXFinishViewController.m */; };
		42CA25EC1BF4B90E001C7485 /* FXFinishViewController.xib in Resources */ = {isa = PBXBuildFile; fileRef = 42CA25EA1BF4B90E001C7485 /* FXFinishViewController.xib */; };
		42CA25F01BF4B927001C7485 /* FXGameViewController.m in Sources */ = {isa = PBXBuildFile; fileRef = 42CA25EE1BF4B927001C7485 /* FXGameViewController.m */; };
		42CA25F11BF4B927001C7485 /* FXGameViewController.xib in Resources */ = {isa = PBXBuildFile; fileRef = 42CA25EF1BF4B927001C7485 /* FXGameViewController.xib */; };
		42CA25F41BF4B976001C7485 /* FXGameView.m in Sources */ = {isa = PBXBuildFile; fileRef = 42CA25F31BF4B976001C7485 /* FXGameView.m */; };
		42CA25F71BF4B9A0001C7485 /* FXStartView.m in Sources */ = {isa = PBXBuildFile; fileRef = 42CA25F61BF4B9A0001C7485 /* FXStartView.m */; };
		42CA25FA1BF4B9C6001C7485 /* FXFinishView.m in Sources */ = {isa = PBXBuildFile; fileRef = 42CA25F91BF4B9C6001C7485 /* FXFinishView.m */; };
		42CA25FF1BF4BA41001C7485 /* FXViewController.m in Sources */ = {isa = PBXBuildFile; fileRef = 42CA25FE1BF4BA41001C7485 /* FXViewController.m */; };
		42CA26021BF4BA66001C7485 /* FXView.m in Sources */ = {isa = PBXBuildFile; fileRef = 42CA26011BF4BA66001C7485 /* FXView.m */; };
		42DF17A61BF8D8B100BB8FCB /* FXDataMap.m in Sources */ = {isa = PBXBuildFile; fileRef = 42DF17A51BF8D8B100BB8FCB /* FXDataMap.m */; };
		42DF17B61BF8D90200BB8FCB /* FXPosition.m in Sources */ = {isa = PBXBuildFile; fileRef = 42DF17A91BF8D90200BB8FCB /* FXPosition.m */; };
		42DF17B71BF8D90200BB8FCB /* FXPath.m in Sources */ = {isa = PBXBuildFile; fileRef = 42DF17AC1BF8D90200BB8FCB /* FXPath.m */; };
		42DF17B81BF8D90200BB8FCB /* FXLevel.m in Sources */ = {isa = PBXBuildFile; fileRef = 42DF17AF1BF8D90200BB8FCB /* FXLevel.m */; };
		42DF17B91BF8D90200BB8FCB /* FXDirection.m in Sources */ = {isa = PBXBuildFile; fileRef = 42DF17B21BF8D90200BB8FCB /* FXDirection.m */; };
		42DF17BA1BF8D90200BB8FCB /* FXCell.m in Sources */ = {isa = PBXBuildFile; fileRef = 42DF17B51BF8D90200BB8FCB /* FXCell.m */; };
/* End PBXBuildFile section */

/* Begin PBXFileReference section */
		42C63DB91BF76CB60037EE4E /* FXMacros.h */ = {isa = PBXFileReference; fileEncoding = 4; lastKnownFileType = sourcecode.c.h; path = FXMacros.h; sourceTree = "<group>"; };
		42C63DBB1BF76FE60037EE4E /* NSFileManager+FXExtensions.h */ = {isa = PBXFileReference; fileEncoding = 4; lastKnownFileType = sourcecode.c.h; lineEnding = 0; path = "NSFileManager+FXExtensions.h"; sourceTree = "<group>"; xcLanguageSpecificationIdentifier = xcode.lang.objcpp; };
		42C63DBC1BF76FE60037EE4E /* NSFileManager+FXExtensions.m */ = {isa = PBXFileReference; fileEncoding = 4; lastKnownFileType = sourcecode.c.objc; lineEnding = 0; path = "NSFileManager+FXExtensions.m"; sourceTree = "<group>"; xcLanguageSpecificationIdentifier = xcode.lang.objc; };
		42C63DBE1BF76FE60037EE4E /* UIViewController+FXExtensions.h */ = {isa = PBXFileReference; fileEncoding = 4; lastKnownFileType = sourcecode.c.h; lineEnding = 0; path = "UIViewController+FXExtensions.h"; sourceTree = "<group>"; xcLanguageSpecificationIdentifier = xcode.lang.objcpp; };
		42C63DBF1BF76FE60037EE4E /* UIViewController+FXExtensions.m */ = {isa = PBXFileReference; fileEncoding = 4; lastKnownFileType = sourcecode.c.objc; lineEnding = 0; path = "UIViewController+FXExtensions.m"; sourceTree = "<group>"; xcLanguageSpecificationIdentifier = xcode.lang.objc; };
		42C63DC11BF76FE60037EE4E /* UIWindow+FXExtensions.h */ = {isa = PBXFileReference; fileEncoding = 4; lastKnownFileType = sourcecode.c.h; lineEnding = 0; path = "UIWindow+FXExtensions.h"; sourceTree = "<group>"; xcLanguageSpecificationIdentifier = xcode.lang.objcpp; };
		42C63DC21BF76FE60037EE4E /* UIWindow+FXExtensions.m */ = {isa = PBXFileReference; fileEncoding = 4; lastKnownFileType = sourcecode.c.objc; lineEnding = 0; path = "UIWindow+FXExtensions.m"; sourceTree = "<group>"; xcLanguageSpecificationIdentifier = xcode.lang.objc; };
		42CA25961BF49AD5001C7485 /* FXSokoban.app */ = {isa = PBXFileReference; explicitFileType = wrapper.application; includeInIndex = 0; path = FXSokoban.app; sourceTree = BUILT_PRODUCTS_DIR; };
		42CA25991BF49AD5001C7485 /* Foundation.framework */ = {isa = PBXFileReference; lastKnownFileType = wrapper.framework; name = Foundation.framework; path = System/Library/Frameworks/Foundation.framework; sourceTree = SDKROOT; };
		42CA259B1BF49AD5001C7485 /* CoreGraphics.framework */ = {isa = PBXFileReference; lastKnownFileType = wrapper.framework; name = CoreGraphics.framework; path = System/Library/Frameworks/CoreGraphics.framework; sourceTree = SDKROOT; };
		42CA259D1BF49AD5001C7485 /* UIKit.framework */ = {isa = PBXFileReference; lastKnownFileType = wrapper.framework; name = UIKit.framework; path = System/Library/Frameworks/UIKit.framework; sourceTree = SDKROOT; };
		42CA25C91BF4AAD5001C7485 /* FXAppDelegate.h */ = {isa = PBXFileReference; fileEncoding = 4; lastKnownFileType = sourcecode.c.h; path = FXAppDelegate.h; sourceTree = "<group>"; };
		42CA25CA1BF4AAD5001C7485 /* FXAppDelegate.m */ = {isa = PBXFileReference; fileEncoding = 4; lastKnownFileType = sourcecode.c.objc; path = FXAppDelegate.m; sourceTree = "<group>"; };
		42CA25CB1BF4AAD5001C7485 /* FXSokoban-Info.plist */ = {isa = PBXFileReference; fileEncoding = 4; lastKnownFileType = text.plist.xml; path = "FXSokoban-Info.plist"; sourceTree = "<group>"; };
		42CA25CC1BF4AAD5001C7485 /* FXSokoban-Prefix.pch */ = {isa = PBXFileReference; fileEncoding = 4; lastKnownFileType = sourcecode.c.h; path = "FXSokoban-Prefix.pch"; sourceTree = "<group>"; };
		42CA25CD1BF4AAD5001C7485 /* main.m */ = {isa = PBXFileReference; fileEncoding = 4; lastKnownFileType = sourcecode.c.objc; path = main.m; sourceTree = "<group>"; };
		42CA25D01BF4AAD5001C7485 /* en */ = {isa = PBXFileReference; lastKnownFileType = text.plist.strings; name = en; path = en.lproj/InfoPlist.strings; sourceTree = "<group>"; };
		42CA25D11BF4AAD5001C7485 /* Images.xcassets */ = {isa = PBXFileReference; lastKnownFileType = folder.assetcatalog; path = Images.xcassets; sourceTree = "<group>"; };
		42CA25E31BF4B8E1001C7485 /* FXStartViewController.h */ = {isa = PBXFileReference; fileEncoding = 4; lastKnownFileType = sourcecode.c.h; path = FXStartViewController.h; sourceTree = "<group>"; };
		42CA25E41BF4B8E1001C7485 /* FXStartViewController.m */ = {isa = PBXFileReference; fileEncoding = 4; lastKnownFileType = sourcecode.c.objc; path = FXStartViewController.m; sourceTree = "<group>"; };
		42CA25E51BF4B8E1001C7485 /* FXStartViewController.xib */ = {isa = PBXFileReference; fileEncoding = 4; lastKnownFileType = file.xib; path = FXStartViewController.xib; sourceTree = "<group>"; };
		42CA25E81BF4B90E001C7485 /* FXFinishViewController.h */ = {isa = PBXFileReference; fileEncoding = 4; lastKnownFileType = sourcecode.c.h; path = FXFinishViewController.h; sourceTree = "<group>"; };
		42CA25E91BF4B90E001C7485 /* FXFinishViewController.m */ = {isa = PBXFileReference; fileEncoding = 4; lastKnownFileType = sourcecode.c.objc; path = FXFinishViewController.m; sourceTree = "<group>"; };
		42CA25EA1BF4B90E001C7485 /* FXFinishViewController.xib */ = {isa = PBXFileReference; fileEncoding = 4; lastKnownFileType = file.xib; path = FXFinishViewController.xib; sourceTree = "<group>"; };
		42CA25ED1BF4B927001C7485 /* FXGameViewController.h */ = {isa = PBXFileReference; fileEncoding = 4; lastKnownFileType = sourcecode.c.h; path = FXGameViewController.h; sourceTree = "<group>"; };
		42CA25EE1BF4B927001C7485 /* FXGameViewController.m */ = {isa = PBXFileReference; fileEncoding = 4; lastKnownFileType = sourcecode.c.objc; path = FXGameViewController.m; sourceTree = "<group>"; };
		42CA25EF1BF4B927001C7485 /* FXGameViewController.xib */ = {isa = PBXFileReference; fileEncoding = 4; lastKnownFileType = file.xib; path = FXGameViewController.xib; sourceTree = "<group>"; };
		42CA25F21BF4B976001C7485 /* FXGameView.h */ = {isa = PBXFileReference; fileEncoding = 4; lastKnownFileType = sourcecode.c.h; path = FXGameView.h; sourceTree = "<group>"; };
		42CA25F31BF4B976001C7485 /* FXGameView.m */ = {isa = PBXFileReference; fileEncoding = 4; lastKnownFileType = sourcecode.c.objc; path = FXGameView.m; sourceTree = "<group>"; };
		42CA25F51BF4B9A0001C7485 /* FXStartView.h */ = {isa = PBXFileReference; fileEncoding = 4; lastKnownFileType = sourcecode.c.h; path = FXStartView.h; sourceTree = "<group>"; };
		42CA25F61BF4B9A0001C7485 /* FXStartView.m */ = {isa = PBXFileReference; fileEncoding = 4; lastKnownFileType = sourcecode.c.objc; path = FXStartView.m; sourceTree = "<group>"; };
		42CA25F81BF4B9C6001C7485 /* FXFinishView.h */ = {isa = PBXFileReference; fileEncoding = 4; lastKnownFileType = sourcecode.c.h; path = FXFinishView.h; sourceTree = "<group>"; };
		42CA25F91BF4B9C6001C7485 /* FXFinishView.m */ = {isa = PBXFileReference; fileEncoding = 4; lastKnownFileType = sourcecode.c.objc; path = FXFinishView.m; sourceTree = "<group>"; };
		42CA25FD1BF4BA41001C7485 /* FXViewController.h */ = {isa = PBXFileReference; fileEncoding = 4; lastKnownFileType = sourcecode.c.h; path = FXViewController.h; sourceTree = "<group>"; };
		42CA25FE1BF4BA41001C7485 /* FXViewController.m */ = {isa = PBXFileReference; fileEncoding = 4; lastKnownFileType = sourcecode.c.objc; path = FXViewController.m; sourceTree = "<group>"; };
		42CA26001BF4BA66001C7485 /* FXView.h */ = {isa = PBXFileReference; fileEncoding = 4; lastKnownFileType = sourcecode.c.h; path = FXView.h; sourceTree = "<group>"; };
		42CA26011BF4BA66001C7485 /* FXView.m */ = {isa = PBXFileReference; fileEncoding = 4; lastKnownFileType = sourcecode.c.objc; path = FXView.m; sourceTree = "<group>"; };
		42DF17A41BF8D8B100BB8FCB /* FXDataMap.h */ = {isa = PBXFileReference; fileEncoding = 4; lastKnownFileType = sourcecode.c.h; path = FXDataMap.h; sourceTree = "<group>"; };
		42DF17A51BF8D8B100BB8FCB /* FXDataMap.m */ = {isa = PBXFileReference; fileEncoding = 4; lastKnownFileType = sourcecode.c.objc; path = FXDataMap.m; sourceTree = "<group>"; };
		42DF17A81BF8D90200BB8FCB /* FXPosition.h */ = {isa = PBXFileReference; fileEncoding = 4; lastKnownFileType = sourcecode.c.h; path = FXPosition.h; sourceTree = "<group>"; };
		42DF17A91BF8D90200BB8FCB /* FXPosition.m */ = {isa = PBXFileReference; fileEncoding = 4; lastKnownFileType = sourcecode.c.objc; path = FXPosition.m; sourceTree = "<group>"; };
		42DF17AB1BF8D90200BB8FCB /* FXPath.h */ = {isa = PBXFileReference; fileEncoding = 4; lastKnownFileType = sourcecode.c.h; path = FXPath.h; sourceTree = "<group>"; };
		42DF17AC1BF8D90200BB8FCB /* FXPath.m */ = {isa = PBXFileReference; fileEncoding = 4; lastKnownFileType = sourcecode.c.objc; path = FXPath.m; sourceTree = "<group>"; };
		42DF17AE1BF8D90200BB8FCB /* FXLevel.h */ = {isa = PBXFileReference; fileEncoding = 4; lastKnownFileType = sourcecode.c.h; path = FXLevel.h; sourceTree = "<group>"; };
		42DF17AF1BF8D90200BB8FCB /* FXLevel.m */ = {isa = PBXFileReference; fileEncoding = 4; lastKnownFileType = sourcecode.c.objc; path = FXLevel.m; sourceTree = "<group>"; };
		42DF17B11BF8D90200BB8FCB /* FXDirection.h */ = {isa = PBXFileReference; fileEncoding = 4; lastKnownFileType = sourcecode.c.h; path = FXDirection.h; sourceTree = "<group>"; };
		42DF17B21BF8D90200BB8FCB /* FXDirection.m */ = {isa = PBXFileReference; fileEncoding = 4; lastKnownFileType = sourcecode.c.objc; path = FXDirection.m; sourceTree = "<group>"; };
		42DF17B41BF8D90200BB8FCB /* FXCell.h */ = {isa = PBXFileReference; fileEncoding = 4; lastKnownFileType = sourcecode.c.h; path = FXCell.h; sourceTree = "<group>"; };
		42DF17B51BF8D90200BB8FCB /* FXCell.m */ = {isa = PBXFileReference; fileEncoding = 4; lastKnownFileType = sourcecode.c.objc; path = FXCell.m; sourceTree = "<group>"; };
/* End PBXFileReference section */

/* Begin PBXFrameworksBuildPhase section */
		42CA25931BF49AD5001C7485 /* Frameworks */ = {
			isa = PBXFrameworksBuildPhase;
			buildActionMask = 2147483647;
			files = (
				42CA259C1BF49AD5001C7485 /* CoreGraphics.framework in Frameworks */,
				42CA259E1BF49AD5001C7485 /* UIKit.framework in Frameworks */,
				42CA259A1BF49AD5001C7485 /* Foundation.framework in Frameworks */,
			);
			runOnlyForDeploymentPostprocessing = 0;
		};
/* End PBXFrameworksBuildPhase section */

/* Begin PBXGroup section */
		42C63DBA1BF76FE60037EE4E /* NSFileManager+FXExtensions */ = {
			isa = PBXGroup;
			children = (
				42C63DBB1BF76FE60037EE4E /* NSFileManager+FXExtensions.h */,
				42C63DBC1BF76FE60037EE4E /* NSFileManager+FXExtensions.m */,
			);
			path = "NSFileManager+FXExtensions";
			sourceTree = "<group>";
		};
		42C63DBD1BF76FE60037EE4E /* UIViewController+FXExtensions */ = {
			isa = PBXGroup;
			children = (
				42C63DBE1BF76FE60037EE4E /* UIViewController+FXExtensions.h */,
				42C63DBF1BF76FE60037EE4E /* UIViewController+FXExtensions.m */,
			);
			path = "UIViewController+FXExtensions";
			sourceTree = "<group>";
		};
		42C63DC01BF76FE60037EE4E /* UIWindow+FXExtensions */ = {
			isa = PBXGroup;
			children = (
				42C63DC11BF76FE60037EE4E /* UIWindow+FXExtensions.h */,
				42C63DC21BF76FE60037EE4E /* UIWindow+FXExtensions.m */,
			);
			path = "UIWindow+FXExtensions";
			sourceTree = "<group>";
		};
		42CA258D1BF49AD5001C7485 = {
			isa = PBXGroup;
			children = (
				42CA25C81BF4AAD5001C7485 /* FXSokoban */,
				42CA25981BF49AD5001C7485 /* Frameworks */,
				42CA25971BF49AD5001C7485 /* Products */,
			);
			sourceTree = "<group>";
		};
		42CA25971BF49AD5001C7485 /* Products */ = {
			isa = PBXGroup;
			children = (
				42CA25961BF49AD5001C7485 /* FXSokoban.app */,
			);
			name = Products;
			sourceTree = "<group>";
		};
		42CA25981BF49AD5001C7485 /* Frameworks */ = {
			isa = PBXGroup;
			children = (
				42CA25991BF49AD5001C7485 /* Foundation.framework */,
				42CA259B1BF49AD5001C7485 /* CoreGraphics.framework */,
				42CA259D1BF49AD5001C7485 /* UIKit.framework */,
			);
			name = Frameworks;
			sourceTree = "<group>";
		};
		42CA25C81BF4AAD5001C7485 /* FXSokoban */ = {
			isa = PBXGroup;
			children = (
				42CA25CD1BF4AAD5001C7485 /* main.m */,
				42CA25C91BF4AAD5001C7485 /* FXAppDelegate.h */,
				42CA25CA1BF4AAD5001C7485 /* FXAppDelegate.m */,
				42CA25CB1BF4AAD5001C7485 /* FXSokoban-Info.plist */,
				42CA25CC1BF4AAD5001C7485 /* FXSokoban-Prefix.pch */,
				42CA25CE1BF4AAD5001C7485 /* Resource */,
				42CA25D21BF4AAD5001C7485 /* Source */,
			);
			path = FXSokoban;
			sourceTree = "<group>";
		};
		42CA25CE1BF4AAD5001C7485 /* Resource */ = {
			isa = PBXGroup;
			children = (
				42CA25CF1BF4AAD5001C7485 /* InfoPlist.strings */,
				42CA25D11BF4AAD5001C7485 /* Images.xcassets */,
			);
			path = Resource;
			sourceTree = "<group>";
		};
		42CA25D21BF4AAD5001C7485 /* Source */ = {
			isa = PBXGroup;
			children = (
				42CA25D31BF4AAD5001C7485 /* Contexts */,
				42CA25D41BF4AAD5001C7485 /* Library */,
				42CA25D71BF4AAD5001C7485 /* Models */,
				42CA25D81BF4AAD5001C7485 /* UI */,
			);
			path = Source;
			sourceTree = "<group>";
		};
		42CA25D31BF4AAD5001C7485 /* Contexts */ = {
			isa = PBXGroup;
			children = (
			);
			path = Contexts;
			sourceTree = "<group>";
		};
		42CA25D41BF4AAD5001C7485 /* Library */ = {
			isa = PBXGroup;
			children = (
				42CA25D51BF4AAD5001C7485 /* Categories */,
				42CA25D61BF4AAD5001C7485 /* Classes */,
				42C63DB91BF76CB60037EE4E /* FXMacros.h */,
			);
			path = Library;
			sourceTree = "<group>";
		};
		42CA25D51BF4AAD5001C7485 /* Categories */ = {
			isa = PBXGroup;
			children = (
				42C63DBA1BF76FE60037EE4E /* NSFileManager+FXExtensions */,
				42C63DBD1BF76FE60037EE4E /* UIViewController+FXExtensions */,
				42C63DC01BF76FE60037EE4E /* UIWindow+FXExtensions */,
			);
			path = Categories;
			sourceTree = "<group>";
		};
		42CA25D61BF4AAD5001C7485 /* Classes */ = {
			isa = PBXGroup;
			children = (
				42DF17B31BF8D90200BB8FCB /* FXCell */,
				42DF17A71BF8D90200BB8FCB /* FXPosition */,
				42DF17B01BF8D90200BB8FCB /* FXDirection */,
				42DF17AA1BF8D90200BB8FCB /* FXPath */,
				42DF17AD1BF8D90200BB8FCB /* FXLevel */,
			);
			path = Classes;
			sourceTree = "<group>";
		};
		42CA25D71BF4AAD5001C7485 /* Models */ = {
			isa = PBXGroup;
			children = (
				42DF17A31BF8D8B100BB8FCB /* FXDataMap */,
			);
			path = Models;
			sourceTree = "<group>";
		};
		42CA25D81BF4AAD5001C7485 /* UI */ = {
			isa = PBXGroup;
			children = (
				42CA25D91BF4AAD5001C7485 /* Controllers */,
				42CA25DA1BF4AAD5001C7485 /* Views */,
			);
			path = UI;
			sourceTree = "<group>";
		};
		42CA25D91BF4AAD5001C7485 /* Controllers */ = {
			isa = PBXGroup;
			children = (
				42CA25FC1BF4BA07001C7485 /* FXViewController */,
				42CA25E01BF4B7A1001C7485 /* FXFinishViewController */,
				42CA25E11BF4B7A1001C7485 /* FXGameViewController */,
				42CA25E21BF4B7A1001C7485 /* FXStartViewController */,
			);
			path = Controllers;
			sourceTree = "<group>";
		};
		42CA25DA1BF4AAD5001C7485 /* Views */ = {
			isa = PBXGroup;
			children = (
				42CA25FB1BF4B9FE001C7485 /* FXView */,
			);
			path = Views;
			sourceTree = "<group>";
		};
		42CA25E01BF4B7A1001C7485 /* FXFinishViewController */ = {
			isa = PBXGroup;
			children = (
				42CA25F81BF4B9C6001C7485 /* FXFinishView.h */,
				42CA25F91BF4B9C6001C7485 /* FXFinishView.m */,
				42CA25E81BF4B90E001C7485 /* FXFinishViewController.h */,
				42CA25E91BF4B90E001C7485 /* FXFinishViewController.m */,
				42CA25EA1BF4B90E001C7485 /* FXFinishViewController.xib */,
			);
			path = FXFinishViewController;
			sourceTree = "<group>";
		};
		42CA25E11BF4B7A1001C7485 /* FXGameViewController */ = {
			isa = PBXGroup;
			children = (
				42CA25F21BF4B976001C7485 /* FXGameView.h */,
				42CA25F31BF4B976001C7485 /* FXGameView.m */,
				42CA25ED1BF4B927001C7485 /* FXGameViewController.h */,
				42CA25EE1BF4B927001C7485 /* FXGameViewController.m */,
				42CA25EF1BF4B927001C7485 /* FXGameViewController.xib */,
			);
			path = FXGameViewController;
			sourceTree = "<group>";
		};
		42CA25E21BF4B7A1001C7485 /* FXStartViewController */ = {
			isa = PBXGroup;
			children = (
				42CA25F51BF4B9A0001C7485 /* FXStartView.h */,
				42CA25F61BF4B9A0001C7485 /* FXStartView.m */,
				42CA25E31BF4B8E1001C7485 /* FXStartViewController.h */,
				42CA25E41BF4B8E1001C7485 /* FXStartViewController.m */,
				42CA25E51BF4B8E1001C7485 /* FXStartViewController.xib */,
			);
			path = FXStartViewController;
			sourceTree = "<group>";
		};
		42CA25FB1BF4B9FE001C7485 /* FXView */ = {
			isa = PBXGroup;
			children = (
				42CA26001BF4BA66001C7485 /* FXView.h */,
				42CA26011BF4BA66001C7485 /* FXView.m */,
			);
			path = FXView;
			sourceTree = "<group>";
		};
		42CA25FC1BF4BA07001C7485 /* FXViewController */ = {
			isa = PBXGroup;
			children = (
				42CA25FD1BF4BA41001C7485 /* FXViewController.h */,
				42CA25FE1BF4BA41001C7485 /* FXViewController.m */,
			);
			path = FXViewController;
			sourceTree = "<group>";
		};
		42DF17A31BF8D8B100BB8FCB /* FXDataMap */ = {
			isa = PBXGroup;
			children = (
				42DF17A41BF8D8B100BB8FCB /* FXDataMap.h */,
				42DF17A51BF8D8B100BB8FCB /* FXDataMap.m */,
			);
			path = FXDataMap;
			sourceTree = "<group>";
		};
		42DF17A71BF8D90200BB8FCB /* FXPosition */ = {
			isa = PBXGroup;
			children = (
				42DF17A81BF8D90200BB8FCB /* FXPosition.h */,
				42DF17A91BF8D90200BB8FCB /* FXPosition.m */,
			);
			path = FXPosition;
			sourceTree = "<group>";
		};
		42DF17AA1BF8D90200BB8FCB /* FXPath */ = {
			isa = PBXGroup;
			children = (
				42DF17AB1BF8D90200BB8FCB /* FXPath.h */,
				42DF17AC1BF8D90200BB8FCB /* FXPath.m */,
			);
			path = FXPath;
			sourceTree = "<group>";
		};
		42DF17AD1BF8D90200BB8FCB /* FXLevel */ = {
			isa = PBXGroup;
			children = (
				42DF17AE1BF8D90200BB8FCB /* FXLevel.h */,
				42DF17AF1BF8D90200BB8FCB /* FXLevel.m */,
			);
			path = FXLevel;
			sourceTree = "<group>";
		};
		42DF17B01BF8D90200BB8FCB /* FXDirection */ = {
			isa = PBXGroup;
			children = (
				42DF17B11BF8D90200BB8FCB /* FXDirection.h */,
				42DF17B21BF8D90200BB8FCB /* FXDirection.m */,
			);
			path = FXDirection;
			sourceTree = "<group>";
		};
		42DF17B31BF8D90200BB8FCB /* FXCell */ = {
			isa = PBXGroup;
			children = (
				42DF17B41BF8D90200BB8FCB /* FXCell.h */,
				42DF17B51BF8D90200BB8FCB /* FXCell.m */,
			);
			path = FXCell;
			sourceTree = "<group>";
		};
/* End PBXGroup section */

/* Begin PBXNativeTarget section */
		42CA25951BF49AD5001C7485 /* FXSokoban */ = {
			isa = PBXNativeTarget;
			buildConfigurationList = 42CA25C21BF49AD5001C7485 /* Build configuration list for PBXNativeTarget "FXSokoban" */;
			buildPhases = (
				42CA25921BF49AD5001C7485 /* Sources */,
				42CA25931BF49AD5001C7485 /* Frameworks */,
				42CA25941BF49AD5001C7485 /* Resources */,
			);
			buildRules = (
			);
			dependencies = (
			);
			name = FXSokoban;
			productName = FXSokoban;
			productReference = 42CA25961BF49AD5001C7485 /* FXSokoban.app */;
			productType = "com.apple.product-type.application";
		};
/* End PBXNativeTarget section */

/* Begin PBXProject section */
		42CA258E1BF49AD5001C7485 /* Project object */ = {
			isa = PBXProject;
			attributes = {
				CLASSPREFIX = FX;
				LastUpgradeCheck = 0510;
				ORGANIZATIONNAME = __MyCompanyName__;
			};
			buildConfigurationList = 42CA25911BF49AD5001C7485 /* Build configuration list for PBXProject "FXSokoban" */;
			compatibilityVersion = "Xcode 3.2";
			developmentRegion = English;
			hasScannedForEncodings = 0;
			knownRegions = (
				en,
			);
			mainGroup = 42CA258D1BF49AD5001C7485;
			productRefGroup = 42CA25971BF49AD5001C7485 /* Products */;
			projectDirPath = "";
			projectRoot = "";
			targets = (
				42CA25951BF49AD5001C7485 /* FXSokoban */,
			);
		};
/* End PBXProject section */

/* Begin PBXResourcesBuildPhase section */
		42CA25941BF49AD5001C7485 /* Resources */ = {
			isa = PBXResourcesBuildPhase;
			buildActionMask = 2147483647;
			files = (
				42CA25E71BF4B8E1001C7485 /* FXStartViewController.xib in Resources */,
				42CA25F11BF4B927001C7485 /* FXGameViewController.xib in Resources */,
				42CA25EC1BF4B90E001C7485 /* FXFinishViewController.xib in Resources */,
				42CA25DF1BF4AAD5001C7485 /* Images.xcassets in Resources */,
				42CA25DE1BF4AAD5001C7485 /* InfoPlist.strings in Resources */,
			);
			runOnlyForDeploymentPostprocessing = 0;
		};
/* End PBXResourcesBuildPhase section */

/* Begin PBXSourcesBuildPhase section */
		42CA25921BF49AD5001C7485 /* Sources */ = {
			isa = PBXSourcesBuildPhase;
			buildActionMask = 2147483647;
			files = (
				42C63DC41BF76FE60037EE4E /* UIViewController+FXExtensions.m in Sources */,
				42DF17B81BF8D90200BB8FCB /* FXLevel.m in Sources */,
				42DF17B91BF8D90200BB8FCB /* FXDirection.m in Sources */,
				42CA25DD1BF4AAD5001C7485 /* main.m in Sources */,
				42DF17A61BF8D8B100BB8FCB /* FXDataMap.m in Sources */,
				42CA25EB1BF4B90E001C7485 /* FXFinishViewController.m in Sources */,
				42DF17B61BF8D90200BB8FCB /* FXPosition.m in Sources */,
				42CA25F41BF4B976001C7485 /* FXGameView.m in Sources */,
				42DF17B71BF8D90200BB8FCB /* FXPath.m in Sources */,
				42CA25FA1BF4B9C6001C7485 /* FXFinishView.m in Sources */,
				42CA26021BF4BA66001C7485 /* FXView.m in Sources */,
				42CA25E61BF4B8E1001C7485 /* FXStartViewController.m in Sources */,
				42C63DC31BF76FE60037EE4E /* NSFileManager+FXExtensions.m in Sources */,
				42CA25F71BF4B9A0001C7485 /* FXStartView.m in Sources */,
				42DF17BA1BF8D90200BB8FCB /* FXCell.m in Sources */,
				42CA25DB1BF4AAD5001C7485 /* FXAppDelegate.m in Sources */,
				42C63DC51BF76FE60037EE4E /* UIWindow+FXExtensions.m in Sources */,
				42CA25F01BF4B927001C7485 /* FXGameViewController.m in Sources */,
				42CA25FF1BF4BA41001C7485 /* FXViewController.m in Sources */,
			);
			runOnlyForDeploymentPostprocessing = 0;
		};
/* End PBXSourcesBuildPhase section */

/* Begin PBXVariantGroup section */
		42CA25CF1BF4AAD5001C7485 /* InfoPlist.strings */ = {
			isa = PBXVariantGroup;
			children = (
				42CA25D01BF4AAD5001C7485 /* en */,
			);
			name = InfoPlist.strings;
			sourceTree = "<group>";
		};
/* End PBXVariantGroup section */

/* Begin XCBuildConfiguration section */
		42CA25C01BF49AD5001C7485 /* Debug */ = {
			isa = XCBuildConfiguration;
			buildSettings = {
				ALWAYS_SEARCH_USER_PATHS = NO;
				CLANG_CXX_LANGUAGE_STANDARD = "gnu++0x";
				CLANG_CXX_LIBRARY = "libc++";
				CLANG_ENABLE_MODULES = YES;
				CLANG_ENABLE_OBJC_ARC = YES;
				CLANG_WARN_BOOL_CONVERSION = YES;
				CLANG_WARN_CONSTANT_CONVERSION = YES;
				CLANG_WARN_DIRECT_OBJC_ISA_USAGE = YES_ERROR;
				CLANG_WARN_EMPTY_BODY = YES;
				CLANG_WARN_ENUM_CONVERSION = YES;
				CLANG_WARN_INT_CONVERSION = YES;
				CLANG_WARN_OBJC_ROOT_CLASS = YES_ERROR;
				CLANG_WARN__DUPLICATE_METHOD_MATCH = YES;
				"CODE_SIGN_IDENTITY[sdk=iphoneos*]" = "iPhone Developer";
				COPY_PHASE_STRIP = NO;
				GCC_C_LANGUAGE_STANDARD = gnu99;
				GCC_DYNAMIC_NO_PIC = NO;
				GCC_OPTIMIZATION_LEVEL = 0;
				GCC_PREPROCESSOR_DEFINITIONS = (
					"DEBUG=1",
					"$(inherited)",
				);
				GCC_SYMBOLS_PRIVATE_EXTERN = NO;
				GCC_WARN_64_TO_32_BIT_CONVERSION = YES;
				GCC_WARN_ABOUT_RETURN_TYPE = YES_ERROR;
				GCC_WARN_UNDECLARED_SELECTOR = YES;
				GCC_WARN_UNINITIALIZED_AUTOS = YES_AGGRESSIVE;
				GCC_WARN_UNUSED_FUNCTION = YES;
				GCC_WARN_UNUSED_VARIABLE = YES;
				IPHONEOS_DEPLOYMENT_TARGET = 7.1;
				ONLY_ACTIVE_ARCH = YES;
				SDKROOT = iphoneos;
			};
			name = Debug;
		};
		42CA25C11BF49AD5001C7485 /* Release */ = {
			isa = XCBuildConfiguration;
			buildSettings = {
				ALWAYS_SEARCH_USER_PATHS = NO;
				CLANG_CXX_LANGUAGE_STANDARD = "gnu++0x";
				CLANG_CXX_LIBRARY = "libc++";
				CLANG_ENABLE_MODULES = YES;
				CLANG_ENABLE_OBJC_ARC = YES;
				CLANG_WARN_BOOL_CONVERSION = YES;
				CLANG_WARN_CONSTANT_CONVERSION = YES;
				CLANG_WARN_DIRECT_OBJC_ISA_USAGE = YES_ERROR;
				CLANG_WARN_EMPTY_BODY = YES;
				CLANG_WARN_ENUM_CONVERSION = YES;
				CLANG_WARN_INT_CONVERSION = YES;
				CLANG_WARN_OBJC_ROOT_CLASS = YES_ERROR;
				CLANG_WARN__DUPLICATE_METHOD_MATCH = YES;
				"CODE_SIGN_IDENTITY[sdk=iphoneos*]" = "iPhone Developer";
				COPY_PHASE_STRIP = YES;
				ENABLE_NS_ASSERTIONS = NO;
				GCC_C_LANGUAGE_STANDARD = gnu99;
				GCC_WARN_64_TO_32_BIT_CONVERSION = YES;
				GCC_WARN_ABOUT_RETURN_TYPE = YES_ERROR;
				GCC_WARN_UNDECLARED_SELECTOR = YES;
				GCC_WARN_UNINITIALIZED_AUTOS = YES_AGGRESSIVE;
				GCC_WARN_UNUSED_FUNCTION = YES;
				GCC_WARN_UNUSED_VARIABLE = YES;
				IPHONEOS_DEPLOYMENT_TARGET = 7.1;
				SDKROOT = iphoneos;
				VALIDATE_PRODUCT = YES;
			};
			name = Release;
		};
		42CA25C31BF49AD5001C7485 /* Debug */ = {
			isa = XCBuildConfiguration;
			buildSettings = {
				ASSETCATALOG_COMPILER_APPICON_NAME = AppIcon;
				ASSETCATALOG_COMPILER_LAUNCHIMAGE_NAME = LaunchImage;
				GCC_PRECOMPILE_PREFIX_HEADER = YES;
				GCC_PREFIX_HEADER = "FXSokoban/FXSokoban-Prefix.pch";
				INFOPLIST_FILE = "FXSokoban/FXSokoban-Info.plist";
				IPHONEOS_DEPLOYMENT_TARGET = 7.1;
				PRODUCT_NAME = "$(TARGET_NAME)";
				WRAPPER_EXTENSION = app;
			};
			name = Debug;
		};
		42CA25C41BF49AD5001C7485 /* Release */ = {
			isa = XCBuildConfiguration;
			buildSettings = {
				ASSETCATALOG_COMPILER_APPICON_NAME = AppIcon;
				ASSETCATALOG_COMPILER_LAUNCHIMAGE_NAME = LaunchImage;
				GCC_PRECOMPILE_PREFIX_HEADER = YES;
				GCC_PREFIX_HEADER = "FXSokoban/FXSokoban-Prefix.pch";
				INFOPLIST_FILE = "FXSokoban/FXSokoban-Info.plist";
				IPHONEOS_DEPLOYMENT_TARGET = 7.1;
				PRODUCT_NAME = "$(TARGET_NAME)";
				WRAPPER_EXTENSION = app;
			};
			name = Release;
		};
/* End XCBuildConfiguration section */

/* Begin XCConfigurationList section */
		42CA25911BF49AD5001C7485 /* Build configuration list for PBXProject "FXSokoban" */ = {
			isa = XCConfigurationList;
			buildConfigurations = (
				42CA25C01BF49AD5001C7485 /* Debug */,
				42CA25C11BF49AD5001C7485 /* Release */,
			);
			defaultConfigurationIsVisible = 0;
			defaultConfigurationName = Release;
		};
		42CA25C21BF49AD5001C7485 /* Build configuration list for PBXNativeTarget "FXSokoban" */ = {
			isa = XCConfigurationList;
			buildConfigurations = (
				42CA25C31BF49AD5001C7485 /* Debug */,
				42CA25C41BF49AD5001C7485 /* Release */,
			);
			defaultConfigurationIsVisible = 0;
			defaultConfigurationName = Release;
		};
/* End XCConfigurationList section */
	};
	rootObject = 42CA258E1BF49AD5001C7485 /* Project object */;
}
